// !$*UTF8*$!
{
	archiveVersion = 1;
	classes = {
	};
	objectVersion = 46;
	objects = {

/* Begin PBXBuildFile section */
		2AF272F11B33BDD20019EADE /* SocketAckManager.swift in Sources */ = {isa = PBXBuildFile; fileRef = 2AF272E41B33BDD20019EADE /* SocketAckManager.swift */; };
		2AF272F21B33BDD20019EADE /* SocketAnyEvent.swift in Sources */ = {isa = PBXBuildFile; fileRef = 2AF272E51B33BDD20019EADE /* SocketAnyEvent.swift */; };
		2AF272F31B33BDD20019EADE /* SocketEngine.swift in Sources */ = {isa = PBXBuildFile; fileRef = 2AF272E61B33BDD20019EADE /* SocketEngine.swift */; };
		2AF272F41B33BDD20019EADE /* SocketEngineClient.swift in Sources */ = {isa = PBXBuildFile; fileRef = 2AF272E71B33BDD20019EADE /* SocketEngineClient.swift */; };
		2AF272F51B33BDD20019EADE /* SocketEventHandler.swift in Sources */ = {isa = PBXBuildFile; fileRef = 2AF272E81B33BDD20019EADE /* SocketEventHandler.swift */; };
		2AF272F61B33BDD20019EADE /* SocketFixUTF8.swift in Sources */ = {isa = PBXBuildFile; fileRef = 2AF272E91B33BDD20019EADE /* SocketFixUTF8.swift */; };
		2AF272F71B33BDD20019EADE /* SocketIOClient.swift in Sources */ = {isa = PBXBuildFile; fileRef = 2AF272EA1B33BDD20019EADE /* SocketIOClient.swift */; };
		2AF272F81B33BDD20019EADE /* SocketLogger.swift in Sources */ = {isa = PBXBuildFile; fileRef = 2AF272EB1B33BDD20019EADE /* SocketLogger.swift */; };
		2AF272F91B33BDD20019EADE /* SocketPacket.swift in Sources */ = {isa = PBXBuildFile; fileRef = 2AF272EC1B33BDD20019EADE /* SocketPacket.swift */; };
		2AF272FA1B33BDD20019EADE /* SocketParser.swift in Sources */ = {isa = PBXBuildFile; fileRef = 2AF272ED1B33BDD20019EADE /* SocketParser.swift */; };
		2AF272FB1B33BDD20019EADE /* SocketTypes.swift in Sources */ = {isa = PBXBuildFile; fileRef = 2AF272EE1B33BDD20019EADE /* SocketTypes.swift */; };
		2AF272FC1B33BDD20019EADE /* SwiftRegex.swift in Sources */ = {isa = PBXBuildFile; fileRef = 2AF272EF1B33BDD20019EADE /* SwiftRegex.swift */; };
		2AF272FD1B33BDD20019EADE /* WebSocket.swift in Sources */ = {isa = PBXBuildFile; fileRef = 2AF272F01B33BDD20019EADE /* WebSocket.swift */; };
		671E03DF1B332FFD0080C095 /* AppDelegate.swift in Sources */ = {isa = PBXBuildFile; fileRef = 671E03DE1B332FFD0080C095 /* AppDelegate.swift */; };
		671E03E11B332FFD0080C095 /* ControllerViewController.swift in Sources */ = {isa = PBXBuildFile; fileRef = 671E03E01B332FFD0080C095 /* ControllerViewController.swift */; };
		671E03E41B332FFD0080C095 /* Main.storyboard in Resources */ = {isa = PBXBuildFile; fileRef = 671E03E21B332FFD0080C095 /* Main.storyboard */; };
		671E03E61B332FFD0080C095 /* Images.xcassets in Resources */ = {isa = PBXBuildFile; fileRef = 671E03E51B332FFD0080C095 /* Images.xcassets */; };
		671E03E91B332FFD0080C095 /* LaunchScreen.xib in Resources */ = {isa = PBXBuildFile; fileRef = 671E03E71B332FFD0080C095 /* LaunchScreen.xib */; };
		671E03F51B332FFD0080C095 /* FinalProject_CodingDojoTests.swift in Sources */ = {isa = PBXBuildFile; fileRef = 671E03F41B332FFD0080C095 /* FinalProject_CodingDojoTests.swift */; };
		671E04191B337C100080C095 /* LoginViewController.swift in Sources */ = {isa = PBXBuildFile; fileRef = 671E04181B337C100080C095 /* LoginViewController.swift */; };
		671E041B1B3389E80080C095 /* mainModel.swift in Sources */ = {isa = PBXBuildFile; fileRef = 671E041A1B3389E80080C095 /* mainModel.swift */; };
/* End PBXBuildFile section */

/* Begin PBXContainerItemProxy section */
		671E03EF1B332FFD0080C095 /* PBXContainerItemProxy */ = {
			isa = PBXContainerItemProxy;
			containerPortal = 671E03D11B332FFD0080C095 /* Project object */;
			proxyType = 1;
			remoteGlobalIDString = 671E03D81B332FFD0080C095;
			remoteInfo = "FinalProject-CodingDojo";
		};
/* End PBXContainerItemProxy section */

/* Begin PBXFileReference section */
		2AF272E41B33BDD20019EADE /* SocketAckManager.swift */ = {isa = PBXFileReference; fileEncoding = 4; lastKnownFileType = sourcecode.swift; path = SocketAckManager.swift; sourceTree = "<group>"; };
		2AF272E51B33BDD20019EADE /* SocketAnyEvent.swift */ = {isa = PBXFileReference; fileEncoding = 4; lastKnownFileType = sourcecode.swift; path = SocketAnyEvent.swift; sourceTree = "<group>"; };
		2AF272E61B33BDD20019EADE /* SocketEngine.swift */ = {isa = PBXFileReference; fileEncoding = 4; lastKnownFileType = sourcecode.swift; path = SocketEngine.swift; sourceTree = "<group>"; };
		2AF272E71B33BDD20019EADE /* SocketEngineClient.swift */ = {isa = PBXFileReference; fileEncoding = 4; lastKnownFileType = sourcecode.swift; path = SocketEngineClient.swift; sourceTree = "<group>"; };
		2AF272E81B33BDD20019EADE /* SocketEventHandler.swift */ = {isa = PBXFileReference; fileEncoding = 4; lastKnownFileType = sourcecode.swift; path = SocketEventHandler.swift; sourceTree = "<group>"; };
		2AF272E91B33BDD20019EADE /* SocketFixUTF8.swift */ = {isa = PBXFileReference; fileEncoding = 4; lastKnownFileType = sourcecode.swift; path = SocketFixUTF8.swift; sourceTree = "<group>"; };
		2AF272EA1B33BDD20019EADE /* SocketIOClient.swift */ = {isa = PBXFileReference; fileEncoding = 4; lastKnownFileType = sourcecode.swift; path = SocketIOClient.swift; sourceTree = "<group>"; };
		2AF272EB1B33BDD20019EADE /* SocketLogger.swift */ = {isa = PBXFileReference; fileEncoding = 4; lastKnownFileType = sourcecode.swift; path = SocketLogger.swift; sourceTree = "<group>"; };
		2AF272EC1B33BDD20019EADE /* SocketPacket.swift */ = {isa = PBXFileReference; fileEncoding = 4; lastKnownFileType = sourcecode.swift; path = SocketPacket.swift; sourceTree = "<group>"; };
		2AF272ED1B33BDD20019EADE /* SocketParser.swift */ = {isa = PBXFileReference; fileEncoding = 4; lastKnownFileType = sourcecode.swift; path = SocketParser.swift; sourceTree = "<group>"; };
		2AF272EE1B33BDD20019EADE /* SocketTypes.swift */ = {isa = PBXFileReference; fileEncoding = 4; lastKnownFileType = sourcecode.swift; path = SocketTypes.swift; sourceTree = "<group>"; };
		2AF272EF1B33BDD20019EADE /* SwiftRegex.swift */ = {isa = PBXFileReference; fileEncoding = 4; lastKnownFileType = sourcecode.swift; path = SwiftRegex.swift; sourceTree = "<group>"; };
		2AF272F01B33BDD20019EADE /* WebSocket.swift */ = {isa = PBXFileReference; fileEncoding = 4; lastKnownFileType = sourcecode.swift; path = WebSocket.swift; sourceTree = "<group>"; };
		671E03D91B332FFD0080C095 /* FinalProject-CodingDojo.app */ = {isa = PBXFileReference; explicitFileType = wrapper.application; includeInIndex = 0; path = "FinalProject-CodingDojo.app"; sourceTree = BUILT_PRODUCTS_DIR; };
		671E03DD1B332FFD0080C095 /* Info.plist */ = {isa = PBXFileReference; lastKnownFileType = text.plist.xml; path = Info.plist; sourceTree = "<group>"; };
		671E03DE1B332FFD0080C095 /* AppDelegate.swift */ = {isa = PBXFileReference; lastKnownFileType = sourcecode.swift; path = AppDelegate.swift; sourceTree = "<group>"; };
		671E03E01B332FFD0080C095 /* ControllerViewController.swift */ = {isa = PBXFileReference; lastKnownFileType = sourcecode.swift; path = ControllerViewController.swift; sourceTree = "<group>"; };
		671E03E31B332FFD0080C095 /* Base */ = {isa = PBXFileReference; lastKnownFileType = file.storyboard; name = Base; path = Base.lproj/Main.storyboard; sourceTree = "<group>"; };
		671E03E51B332FFD0080C095 /* Images.xcassets */ = {isa = PBXFileReference; lastKnownFileType = folder.assetcatalog; path = Images.xcassets; sourceTree = "<group>"; };
		671E03E81B332FFD0080C095 /* Base */ = {isa = PBXFileReference; lastKnownFileType = file.xib; name = Base; path = Base.lproj/LaunchScreen.xib; sourceTree = "<group>"; };
		671E03EE1B332FFD0080C095 /* FinalProject-CodingDojoTests.xctest */ = {isa = PBXFileReference; explicitFileType = wrapper.cfbundle; includeInIndex = 0; path = "FinalProject-CodingDojoTests.xctest"; sourceTree = BUILT_PRODUCTS_DIR; };
		671E03F31B332FFD0080C095 /* Info.plist */ = {isa = PBXFileReference; lastKnownFileType = text.plist.xml; path = Info.plist; sourceTree = "<group>"; };
		671E03F41B332FFD0080C095 /* FinalProject_CodingDojoTests.swift */ = {isa = PBXFileReference; lastKnownFileType = sourcecode.swift; path = FinalProject_CodingDojoTests.swift; sourceTree = "<group>"; };
		671E04181B337C100080C095 /* LoginViewController.swift */ = {isa = PBXFileReference; fileEncoding = 4; lastKnownFileType = sourcecode.swift; path = LoginViewController.swift; sourceTree = "<group>"; };
		671E041A1B3389E80080C095 /* mainModel.swift */ = {isa = PBXFileReference; fileEncoding = 4; lastKnownFileType = sourcecode.swift; path = mainModel.swift; sourceTree = "<group>"; };
/* End PBXFileReference section */

/* Begin PBXFrameworksBuildPhase section */
		671E03D61B332FFD0080C095 /* Frameworks */ = {
			isa = PBXFrameworksBuildPhase;
			buildActionMask = 2147483647;
			files = (
			);
			runOnlyForDeploymentPostprocessing = 0;
		};
		671E03EB1B332FFD0080C095 /* Frameworks */ = {
			isa = PBXFrameworksBuildPhase;
			buildActionMask = 2147483647;
			files = (
			);
			runOnlyForDeploymentPostprocessing = 0;
		};
/* End PBXFrameworksBuildPhase section */

/* Begin PBXGroup section */
		2AF272FE1B33BE160019EADE /* SocketIO */ = {
			isa = PBXGroup;
			children = (
				2AF272E41B33BDD20019EADE /* SocketAckManager.swift */,
				2AF272E51B33BDD20019EADE /* SocketAnyEvent.swift */,
				2AF272E61B33BDD20019EADE /* SocketEngine.swift */,
				2AF272E71B33BDD20019EADE /* SocketEngineClient.swift */,
				2AF272E81B33BDD20019EADE /* SocketEventHandler.swift */,
				2AF272E91B33BDD20019EADE /* SocketFixUTF8.swift */,
				2AF272EA1B33BDD20019EADE /* SocketIOClient.swift */,
				2AF272EB1B33BDD20019EADE /* SocketLogger.swift */,
				2AF272EC1B33BDD20019EADE /* SocketPacket.swift */,
				2AF272ED1B33BDD20019EADE /* SocketParser.swift */,
				2AF272EE1B33BDD20019EADE /* SocketTypes.swift */,
				2AF272EF1B33BDD20019EADE /* SwiftRegex.swift */,
				2AF272F01B33BDD20019EADE /* WebSocket.swift */,
			);
			name = SocketIO;
			sourceTree = "<group>";
		};
		671E03D01B332FFD0080C095 = {
			isa = PBXGroup;
			children = (
				671E03DB1B332FFD0080C095 /* FinalProject-CodingDojo */,
				671E03F11B332FFD0080C095 /* FinalProject-CodingDojoTests */,
				671E03DA1B332FFD0080C095 /* Products */,
			);
			sourceTree = "<group>";
		};
		671E03DA1B332FFD0080C095 /* Products */ = {
			isa = PBXGroup;
			children = (
				671E03D91B332FFD0080C095 /* FinalProject-CodingDojo.app */,
				671E03EE1B332FFD0080C095 /* FinalProject-CodingDojoTests.xctest */,
			);
			name = Products;
			sourceTree = "<group>";
		};
		671E03DB1B332FFD0080C095 /* FinalProject-CodingDojo */ = {
			isa = PBXGroup;
			children = (
				2AF272FE1B33BE160019EADE /* SocketIO */,
				671E03DE1B332FFD0080C095 /* AppDelegate.swift */,
				671E041A1B3389E80080C095 /* mainModel.swift */,
				671E03E01B332FFD0080C095 /* ControllerViewController.swift */,
				671E04181B337C100080C095 /* LoginViewController.swift */,
				671E03E21B332FFD0080C095 /* Main.storyboard */,
				671E03E51B332FFD0080C095 /* Images.xcassets */,
				671E03E71B332FFD0080C095 /* LaunchScreen.xib */,
				671E03DC1B332FFD0080C095 /* Supporting Files */,
			);
			path = "FinalProject-CodingDojo";
			sourceTree = "<group>";
		};
		671E03DC1B332FFD0080C095 /* Supporting Files */ = {
			isa = PBXGroup;
			children = (
				671E03DD1B332FFD0080C095 /* Info.plist */,
			);
			name = "Supporting Files";
			sourceTree = "<group>";
		};
		671E03F11B332FFD0080C095 /* FinalProject-CodingDojoTests */ = {
			isa = PBXGroup;
			children = (
				671E03F41B332FFD0080C095 /* FinalProject_CodingDojoTests.swift */,
				671E03F21B332FFD0080C095 /* Supporting Files */,
			);
			path = "FinalProject-CodingDojoTests";
			sourceTree = "<group>";
		};
		671E03F21B332FFD0080C095 /* Supporting Files */ = {
			isa = PBXGroup;
			children = (
				671E03F31B332FFD0080C095 /* Info.plist */,
			);
			name = "Supporting Files";
			sourceTree = "<group>";
		};
/* End PBXGroup section */

/* Begin PBXNativeTarget section */
		671E03D81B332FFD0080C095 /* FinalProject-CodingDojo */ = {
			isa = PBXNativeTarget;
			buildConfigurationList = 671E03F81B332FFD0080C095 /* Build configuration list for PBXNativeTarget "FinalProject-CodingDojo" */;
			buildPhases = (
				671E03D51B332FFD0080C095 /* Sources */,
				671E03D61B332FFD0080C095 /* Frameworks */,
				671E03D71B332FFD0080C095 /* Resources */,
			);
			buildRules = (
			);
			dependencies = (
			);
			name = "FinalProject-CodingDojo";
			productName = "FinalProject-CodingDojo";
			productReference = 671E03D91B332FFD0080C095 /* FinalProject-CodingDojo.app */;
			productType = "com.apple.product-type.application";
		};
		671E03ED1B332FFD0080C095 /* FinalProject-CodingDojoTests */ = {
			isa = PBXNativeTarget;
			buildConfigurationList = 671E03FB1B332FFD0080C095 /* Build configuration list for PBXNativeTarget "FinalProject-CodingDojoTests" */;
			buildPhases = (
				671E03EA1B332FFD0080C095 /* Sources */,
				671E03EB1B332FFD0080C095 /* Frameworks */,
				671E03EC1B332FFD0080C095 /* Resources */,
			);
			buildRules = (
			);
			dependencies = (
				671E03F01B332FFD0080C095 /* PBXTargetDependency */,
			);
			name = "FinalProject-CodingDojoTests";
			productName = "FinalProject-CodingDojoTests";
			productReference = 671E03EE1B332FFD0080C095 /* FinalProject-CodingDojoTests.xctest */;
			productType = "com.apple.product-type.bundle.unit-test";
		};
/* End PBXNativeTarget section */

/* Begin PBXProject section */
		671E03D11B332FFD0080C095 /* Project object */ = {
			isa = PBXProject;
			attributes = {
				LastUpgradeCheck = 0630;
				ORGANIZATIONNAME = "J.V. Estolas";
				TargetAttributes = {
					671E03D81B332FFD0080C095 = {
						CreatedOnToolsVersion = 6.3.2;
						DevelopmentTeam = UK9P89VQME;
					};
					671E03ED1B332FFD0080C095 = {
						CreatedOnToolsVersion = 6.3.2;
						TestTargetID = 671E03D81B332FFD0080C095;
					};
				};
			};
			buildConfigurationList = 671E03D41B332FFD0080C095 /* Build configuration list for PBXProject "FinalProject-CodingDojo" */;
			compatibilityVersion = "Xcode 3.2";
			developmentRegion = English;
			hasScannedForEncodings = 0;
			knownRegions = (
				en,
				Base,
			);
			mainGroup = 671E03D01B332FFD0080C095;
			productRefGroup = 671E03DA1B332FFD0080C095 /* Products */;
			projectDirPath = "";
			projectRoot = "";
			targets = (
				671E03D81B332FFD0080C095 /* FinalProject-CodingDojo */,
				671E03ED1B332FFD0080C095 /* FinalProject-CodingDojoTests */,
			);
		};
/* End PBXProject section */

/* Begin PBXResourcesBuildPhase section */
		671E03D71B332FFD0080C095 /* Resources */ = {
			isa = PBXResourcesBuildPhase;
			buildActionMask = 2147483647;
			files = (
				671E03E41B332FFD0080C095 /* Main.storyboard in Resources */,
				671E03E91B332FFD0080C095 /* LaunchScreen.xib in Resources */,
				671E03E61B332FFD0080C095 /* Images.xcassets in Resources */,
			);
			runOnlyForDeploymentPostprocessing = 0;
		};
		671E03EC1B332FFD0080C095 /* Resources */ = {
			isa = PBXResourcesBuildPhase;
			buildActionMask = 2147483647;
			files = (
			);
			runOnlyForDeploymentPostprocessing = 0;
		};
/* End PBXResourcesBuildPhase section */

/* Begin PBXSourcesBuildPhase section */
		671E03D51B332FFD0080C095 /* Sources */ = {
			isa = PBXSourcesBuildPhase;
			buildActionMask = 2147483647;
			files = (
				2AF272F91B33BDD20019EADE /* SocketPacket.swift in Sources */,
				671E03E11B332FFD0080C095 /* ControllerViewController.swift in Sources */,
				2AF272F41B33BDD20019EADE /* SocketEngineClient.swift in Sources */,
				2AF272F21B33BDD20019EADE /* SocketAnyEvent.swift in Sources */,
				2AF272FA1B33BDD20019EADE /* SocketParser.swift in Sources */,
				2AF272F81B33BDD20019EADE /* SocketLogger.swift in Sources */,
				2AF272F11B33BDD20019EADE /* SocketAckManager.swift in Sources */,
				2AF272FB1B33BDD20019EADE /* SocketTypes.swift in Sources */,
				2AF272FD1B33BDD20019EADE /* WebSocket.swift in Sources */,
				2AF272F71B33BDD20019EADE /* SocketIOClient.swift in Sources */,
				671E041B1B3389E80080C095 /* mainModel.swift in Sources */,
				2AF272F51B33BDD20019EADE /* SocketEventHandler.swift in Sources */,
				671E04191B337C100080C095 /* LoginViewController.swift in Sources */,
				2AF272F31B33BDD20019EADE /* SocketEngine.swift in Sources */,
				2AF272F61B33BDD20019EADE /* SocketFixUTF8.swift in Sources */,
				2AF272FC1B33BDD20019EADE /* SwiftRegex.swift in Sources */,
				671E03DF1B332FFD0080C095 /* AppDelegate.swift in Sources */,
			);
			runOnlyForDeploymentPostprocessing = 0;
		};
		671E03EA1B332FFD0080C095 /* Sources */ = {
			isa = PBXSourcesBuildPhase;
			buildActionMask = 2147483647;
			files = (
				671E03F51B332FFD0080C095 /* FinalProject_CodingDojoTests.swift in Sources */,
			);
			runOnlyForDeploymentPostprocessing = 0;
		};
/* End PBXSourcesBuildPhase section */

/* Begin PBXTargetDependency section */
		671E03F01B332FFD0080C095 /* PBXTargetDependency */ = {
			isa = PBXTargetDependency;
			target = 671E03D81B332FFD0080C095 /* FinalProject-CodingDojo */;
			targetProxy = 671E03EF1B332FFD0080C095 /* PBXContainerItemProxy */;
		};
/* End PBXTargetDependency section */

/* Begin PBXVariantGroup section */
		671E03E21B332FFD0080C095 /* Main.storyboard */ = {
			isa = PBXVariantGroup;
			children = (
				671E03E31B332FFD0080C095 /* Base */,
			);
			name = Main.storyboard;
			sourceTree = "<group>";
		};
		671E03E71B332FFD0080C095 /* LaunchScreen.xib */ = {
			isa = PBXVariantGroup;
			children = (
				671E03E81B332FFD0080C095 /* Base */,
			);
			name = LaunchScreen.xib;
			sourceTree = "<group>";
		};
/* End PBXVariantGroup section */

/* Begin XCBuildConfiguration section */
		671E03F61B332FFD0080C095 /* Debug */ = {
			isa = XCBuildConfiguration;
			buildSettings = {
				ALWAYS_SEARCH_USER_PATHS = NO;
				CLANG_CXX_LANGUAGE_STANDARD = "gnu++0x";
				CLANG_CXX_LIBRARY = "libc++";
				CLANG_ENABLE_MODULES = YES;
				CLANG_ENABLE_OBJC_ARC = YES;
				CLANG_WARN_BOOL_CONVERSION = YES;
				CLANG_WARN_CONSTANT_CONVERSION = YES;
				CLANG_WARN_DIRECT_OBJC_ISA_USAGE = YES_ERROR;
				CLANG_WARN_EMPTY_BODY = YES;
				CLANG_WARN_ENUM_CONVERSION = YES;
				CLANG_WARN_INT_CONVERSION = YES;
				CLANG_WARN_OBJC_ROOT_CLASS = YES_ERROR;
				CLANG_WARN_UNREACHABLE_CODE = YES;
				CLANG_WARN__DUPLICATE_METHOD_MATCH = YES;
				"CODE_SIGN_IDENTITY[sdk=iphoneos*]" = "iPhone Developer";
				COPY_PHASE_STRIP = NO;
				DEBUG_INFORMATION_FORMAT = "dwarf-with-dsym";
				ENABLE_STRICT_OBJC_MSGSEND = YES;
				GCC_C_LANGUAGE_STANDARD = gnu99;
				GCC_DYNAMIC_NO_PIC = NO;
				GCC_NO_COMMON_BLOCKS = YES;
				GCC_OPTIMIZATION_LEVEL = 0;
				GCC_PREPROCESSOR_DEFINITIONS = (
					"DEBUG=1",
					"$(inherited)",
				);
				GCC_SYMBOLS_PRIVATE_EXTERN = NO;
				GCC_WARN_64_TO_32_BIT_CONVERSION = YES;
				GCC_WARN_ABOUT_RETURN_TYPE = YES_ERROR;
				GCC_WARN_UNDECLARED_SELECTOR = YES;
				GCC_WARN_UNINITIALIZED_AUTOS = YES_AGGRESSIVE;
				GCC_WARN_UNUSED_FUNCTION = YES;
				GCC_WARN_UNUSED_VARIABLE = YES;
				IPHONEOS_DEPLOYMENT_TARGET = 8.3;
				MTL_ENABLE_DEBUG_INFO = YES;
				ONLY_ACTIVE_ARCH = YES;
				SDKROOT = iphoneos;
				SWIFT_OPTIMIZATION_LEVEL = "-Onone";
				TARGETED_DEVICE_FAMILY = "1,2";
			};
			name = Debug;
		};
		671E03F71B332FFD0080C095 /* Release */ = {
			isa = XCBuildConfiguration;
			buildSettings = {
				ALWAYS_SEARCH_USER_PATHS = NO;
				CLANG_CXX_LANGUAGE_STANDARD = "gnu++0x";
				CLANG_CXX_LIBRARY = "libc++";
				CLANG_ENABLE_MODULES = YES;
				CLANG_ENABLE_OBJC_ARC = YES;
				CLANG_WARN_BOOL_CONVERSION = YES;
				CLANG_WARN_CONSTANT_CONVERSION = YES;
				CLANG_WARN_DIRECT_OBJC_ISA_USAGE = YES_ERROR;
				CLANG_WARN_EMPTY_BODY = YES;
				CLANG_WARN_ENUM_CONVERSION = YES;
				CLANG_WARN_INT_CONVERSION = YES;
				CLANG_WARN_OBJC_ROOT_CLASS = YES_ERROR;
				CLANG_WARN_UNREACHABLE_CODE = YES;
				CLANG_WARN__DUPLICATE_METHOD_MATCH = YES;
				"CODE_SIGN_IDENTITY[sdk=iphoneos*]" = "iPhone Developer";
				COPY_PHASE_STRIP = NO;
				DEBUG_INFORMATION_FORMAT = "dwarf-with-dsym";
				ENABLE_NS_ASSERTIONS = NO;
				ENABLE_STRICT_OBJC_MSGSEND = YES;
				GCC_C_LANGUAGE_STANDARD = gnu99;
				GCC_NO_COMMON_BLOCKS = YES;
				GCC_WARN_64_TO_32_BIT_CONVERSION = YES;
				GCC_WARN_ABOUT_RETURN_TYPE = YES_ERROR;
				GCC_WARN_UNDECLARED_SELECTOR = YES;
				GCC_WARN_UNINITIALIZED_AUTOS = YES_AGGRESSIVE;
				GCC_WARN_UNUSED_FUNCTION = YES;
				GCC_WARN_UNUSED_VARIABLE = YES;
				IPHONEOS_DEPLOYMENT_TARGET = 8.3;
				MTL_ENABLE_DEBUG_INFO = NO;
				SDKROOT = iphoneos;
				TARGETED_DEVICE_FAMILY = "1,2";
				VALIDATE_PRODUCT = YES;
			};
			name = Release;
		};
		671E03F91B332FFD0080C095 /* Debug */ = {
			isa = XCBuildConfiguration;
			buildSettings = {
				ASSETCATALOG_COMPILER_APPICON_NAME = AppIcon;
				CODE_SIGN_IDENTITY = "iPhone Developer";
				"CODE_SIGN_IDENTITY[sdk=iphoneos*]" = "iPhone Developer";
				INFOPLIST_FILE = "FinalProject-CodingDojo/Info.plist";
				LD_RUNPATH_SEARCH_PATHS = "$(inherited) @executable_path/Frameworks";
				PRODUCT_NAME = "$(TARGET_NAME)";
				PROVISIONING_PROFILE = "";
			};
			name = Debug;
		};
		671E03FA1B332FFD0080C095 /* Release */ = {
			isa = XCBuildConfiguration;
			buildSettings = {
				ASSETCATALOG_COMPILER_APPICON_NAME = AppIcon;
				CODE_SIGN_IDENTITY = "iPhone Developer";
				"CODE_SIGN_IDENTITY[sdk=iphoneos*]" = "iPhone Developer";
				INFOPLIST_FILE = "FinalProject-CodingDojo/Info.plist";
				LD_RUNPATH_SEARCH_PATHS = "$(inherited) @executable_path/Frameworks";
				PRODUCT_NAME = "$(TARGET_NAME)";
				PROVISIONING_PROFILE = "";
			};
			name = Release;
		};
		671E03FC1B332FFD0080C095 /* Debug */ = {
			isa = XCBuildConfiguration;
			buildSettings = {
				BUNDLE_LOADER = "$(TEST_HOST)";
				FRAMEWORK_SEARCH_PATHS = (
					"$(SDKROOT)/Developer/Library/Frameworks",
					"$(inherited)",
				);
				GCC_PREPROCESSOR_DEFINITIONS = (
					"DEBUG=1",
					"$(inherited)",
				);
				INFOPLIST_FILE = "FinalProject-CodingDojoTests/Info.plist";
				LD_RUNPATH_SEARCH_PATHS = "$(inherited) @executable_path/Frameworks @loader_path/Frameworks";
				PRODUCT_NAME = "$(TARGET_NAME)";
				TEST_HOST = "$(BUILT_PRODUCTS_DIR)/FinalProject-CodingDojo.app/FinalProject-CodingDojo";
			};
			name = Debug;
		};
		671E03FD1B332FFD0080C095 /* Release */ = {
			isa = XCBuildConfiguration;
			buildSettings = {
				BUNDLE_LOADER = "$(TEST_HOST)";
				FRAMEWORK_SEARCH_PATHS = (
					"$(SDKROOT)/Developer/Library/Frameworks",
					"$(inherited)",
				);
				INFOPLIST_FILE = "FinalProject-CodingDojoTests/Info.plist";
				LD_RUNPATH_SEARCH_PATHS = "$(inherited) @executable_path/Frameworks @loader_path/Frameworks";
				PRODUCT_NAME = "$(TARGET_NAME)";
				TEST_HOST = "$(BUILT_PRODUCTS_DIR)/FinalProject-CodingDojo.app/FinalProject-CodingDojo";
			};
			name = Release;
		};
/* End XCBuildConfiguration section */

/* Begin XCConfigurationList section */
		671E03D41B332FFD0080C095 /* Build configuration list for PBXProject "FinalProject-CodingDojo" */ = {
			isa = XCConfigurationList;
			buildConfigurations = (
				671E03F61B332FFD0080C095 /* Debug */,
				671E03F71B332FFD0080C095 /* Release */,
			);
			defaultConfigurationIsVisible = 0;
			defaultConfigurationName = Release;
		};
		671E03F81B332FFD0080C095 /* Build configuration list for PBXNativeTarget "FinalProject-CodingDojo" */ = {
			isa = XCConfigurationList;
			buildConfigurations = (
				671E03F91B332FFD0080C095 /* Debug */,
				671E03FA1B332FFD0080C095 /* Release */,
			);
			defaultConfigurationIsVisible = 0;
			defaultConfigurationName = Release;
		};
		671E03FB1B332FFD0080C095 /* Build configuration list for PBXNativeTarget "FinalProject-CodingDojoTests" */ = {
			isa = XCConfigurationList;
			buildConfigurations = (
				671E03FC1B332FFD0080C095 /* Debug */,
				671E03FD1B332FFD0080C095 /* Release */,
			);
			defaultConfigurationIsVisible = 0;
			defaultConfigurationName = Release;
		};
/* End XCConfigurationList section */
	};
	rootObject = 671E03D11B332FFD0080C095 /* Project object */;
}
